// !$*UTF8*$!
{
	archiveVersion = 1;
	classes = {
	};
	objectVersion = 50;
	objects = {

/* Begin PBXBuildFile section */
		750A866924AFDD6100538E95 /* VoodooWMIController.cpp in Sources */ = {isa = PBXBuildFile; fileRef = 750A866724AFDD6100538E95 /* VoodooWMIController.cpp */; };
		750A866A24AFDD6100538E95 /* VoodooWMIController.hpp in Headers */ = {isa = PBXBuildFile; fileRef = 750A866824AFDD6100538E95 /* VoodooWMIController.hpp */; };
		75B9DB3E24B10A34003C7084 /* VoodooWMIHotkeyDriver.cpp in Sources */ = {isa = PBXBuildFile; fileRef = 7596CF5B2448AC9400333C46 /* VoodooWMIHotkeyDriver.cpp */; };
		75B9DB3F24B10AAA003C7084 /* VoodooWMIController.hpp in Headers */ = {isa = PBXBuildFile; fileRef = 750A866824AFDD6100538E95 /* VoodooWMIController.hpp */; };
		75B9DB4024B10B88003C7084 /* ACPIPS2NubProxy.cpp in Sources */ = {isa = PBXBuildFile; fileRef = 75A8191E24ADDF3B00CAF134 /* ACPIPS2NubProxy.cpp */; };
		75C414A824AD2F6F0026E524 /* install_daemon.sh in Copy Files */ = {isa = PBXBuildFile; fileRef = 75D7CCB5244A5FC2003CDA27 /* install_daemon.sh */; };
		75C414A924AD2F6F0026E524 /* uninstall_daemon.sh in Copy Files */ = {isa = PBXBuildFile; fileRef = 7537E722245B6EA900E127AB /* uninstall_daemon.sh */; };
		75C414AA24AD2F6F0026E524 /* io.github.goshin.HotkeyDaemon.plist in Copy Files */ = {isa = PBXBuildFile; fileRef = 7537E720245B67E000E127AB /* io.github.goshin.HotkeyDaemon.plist */; };
		75D7CCA3244A5D1D003CDA27 /* main.m in Sources */ = {isa = PBXBuildFile; fileRef = 75D7CCA2244A5D1D003CDA27 /* main.m */; };
		75D7CCAC244A5E77003CDA27 /* AppKit.framework in Frameworks */ = {isa = PBXBuildFile; fileRef = 75D7CCAB244A5E77003CDA27 /* AppKit.framework */; };
		75D7CCAE244A5E7E003CDA27 /* CoreServices.framework in Frameworks */ = {isa = PBXBuildFile; fileRef = 75D7CCAD244A5E7E003CDA27 /* CoreServices.framework */; };
		75D7CCB0244A5E85003CDA27 /* CoreWLAN.framework in Frameworks */ = {isa = PBXBuildFile; fileRef = 75D7CCAF244A5E85003CDA27 /* CoreWLAN.framework */; };
		75D7CCB2244A5E95003CDA27 /* IOBluetooth.framework in Frameworks */ = {isa = PBXBuildFile; fileRef = 75D7CCB1244A5E95003CDA27 /* IOBluetooth.framework */; };
/* End PBXBuildFile section */

/* Begin PBXContainerItemProxy section */
		75B9DB4124B10C41003C7084 /* PBXContainerItemProxy */ = {
			isa = PBXContainerItemProxy;
			containerPortal = 7596CF4D2448AC9400333C46 /* Project object */;
			proxyType = 1;
			remoteGlobalIDString = 75B9DB3324B1096E003C7084;
			remoteInfo = VoodooWMIHotkey;
		};
		75D7CCA7244A5DEA003CDA27 /* PBXContainerItemProxy */ = {
			isa = PBXContainerItemProxy;
			containerPortal = 7596CF4D2448AC9400333C46 /* Project object */;
			proxyType = 1;
			remoteGlobalIDString = 75D7CC9F244A5D1D003CDA27;
			remoteInfo = TongfangFnDaemon;
		};
/* End PBXContainerItemProxy section */

/* Begin PBXCopyFilesBuildPhase section */
		75F35B89245D274200DD127F /* Copy Files */ = {
			isa = PBXCopyFilesBuildPhase;
			buildActionMask = 2147483647;
			dstPath = "";
			dstSubfolderSpec = 16;
			files = (
				75C414A824AD2F6F0026E524 /* install_daemon.sh in Copy Files */,
				75C414A924AD2F6F0026E524 /* uninstall_daemon.sh in Copy Files */,
				75C414AA24AD2F6F0026E524 /* io.github.goshin.HotkeyDaemon.plist in Copy Files */,
			);
			name = "Copy Files";
			runOnlyForDeploymentPostprocessing = 0;
		};
/* End PBXCopyFilesBuildPhase section */

/* Begin PBXFileReference section */
		750A866724AFDD6100538E95 /* VoodooWMIController.cpp */ = {isa = PBXFileReference; lastKnownFileType = sourcecode.cpp.cpp; path = VoodooWMIController.cpp; sourceTree = "<group>"; };
		750A866824AFDD6100538E95 /* VoodooWMIController.hpp */ = {isa = PBXFileReference; lastKnownFileType = sourcecode.cpp.h; path = VoodooWMIController.hpp; sourceTree = "<group>"; };
		7537E720245B67E000E127AB /* io.github.goshin.HotkeyDaemon.plist */ = {isa = PBXFileReference; lastKnownFileType = text.plist.xml; path = io.github.goshin.HotkeyDaemon.plist; sourceTree = "<group>"; };
		7537E722245B6EA900E127AB /* uninstall_daemon.sh */ = {isa = PBXFileReference; lastKnownFileType = text.script.sh; path = uninstall_daemon.sh; sourceTree = "<group>"; };
		75772E08245EA780001D709D /* README.md */ = {isa = PBXFileReference; lastKnownFileType = net.daringfireball.markdown; path = README.md; sourceTree = "<group>"; };
		7596CF562448AC9400333C46 /* VoodooWMI.kext */ = {isa = PBXFileReference; explicitFileType = wrapper.cfbundle; includeInIndex = 0; path = VoodooWMI.kext; sourceTree = BUILT_PRODUCTS_DIR; };
		7596CF592448AC9400333C46 /* VoodooWMIHotkeyDriver.hpp */ = {isa = PBXFileReference; lastKnownFileType = sourcecode.cpp.h; path = VoodooWMIHotkeyDriver.hpp; sourceTree = "<group>"; };
		7596CF5B2448AC9400333C46 /* VoodooWMIHotkeyDriver.cpp */ = {isa = PBXFileReference; lastKnownFileType = sourcecode.cpp.cpp; path = VoodooWMIHotkeyDriver.cpp; sourceTree = "<group>"; };
		7596CF5D2448AC9400333C46 /* Info.plist */ = {isa = PBXFileReference; lastKnownFileType = text.plist.xml; path = Info.plist; sourceTree = "<group>"; };
		75A8191E24ADDF3B00CAF134 /* ACPIPS2NubProxy.cpp */ = {isa = PBXFileReference; lastKnownFileType = sourcecode.cpp.cpp; path = ACPIPS2NubProxy.cpp; sourceTree = "<group>"; };
		75A8191F24ADDF3B00CAF134 /* ACPIPS2NubProxy.hpp */ = {isa = PBXFileReference; lastKnownFileType = sourcecode.cpp.h; path = ACPIPS2NubProxy.hpp; sourceTree = "<group>"; };
		75B9DB3424B1096E003C7084 /* VoodooWMIHotkey.kext */ = {isa = PBXFileReference; explicitFileType = wrapper.cfbundle; includeInIndex = 0; path = VoodooWMIHotkey.kext; sourceTree = BUILT_PRODUCTS_DIR; };
		75B9DB3A24B1096E003C7084 /* Info.plist */ = {isa = PBXFileReference; lastKnownFileType = text.plist.xml; path = Info.plist; sourceTree = "<group>"; };
		75B9DB4324B10CB9003C7084 /* KernelMessage.h */ = {isa = PBXFileReference; lastKnownFileType = sourcecode.c.h; path = KernelMessage.h; sourceTree = "<group>"; };
		75D7CCA0244A5D1D003CDA27 /* HotkeyDaemon */ = {isa = PBXFileReference; explicitFileType = "compiled.mach-o.executable"; includeInIndex = 0; path = HotkeyDaemon; sourceTree = BUILT_PRODUCTS_DIR; };
		75D7CCA2244A5D1D003CDA27 /* main.m */ = {isa = PBXFileReference; lastKnownFileType = sourcecode.c.objc; path = main.m; sourceTree = "<group>"; };
		75D7CCA9244A5E3C003CDA27 /* OSD.h */ = {isa = PBXFileReference; lastKnownFileType = sourcecode.c.h; path = OSD.h; sourceTree = "<group>"; };
		75D7CCAB244A5E77003CDA27 /* AppKit.framework */ = {isa = PBXFileReference; lastKnownFileType = wrapper.framework; name = AppKit.framework; path = System/Library/Frameworks/AppKit.framework; sourceTree = SDKROOT; };
		75D7CCAD244A5E7E003CDA27 /* CoreServices.framework */ = {isa = PBXFileReference; lastKnownFileType = wrapper.framework; name = CoreServices.framework; path = System/Library/Frameworks/CoreServices.framework; sourceTree = SDKROOT; };
		75D7CCAF244A5E85003CDA27 /* CoreWLAN.framework */ = {isa = PBXFileReference; lastKnownFileType = wrapper.framework; name = CoreWLAN.framework; path = System/Library/Frameworks/CoreWLAN.framework; sourceTree = SDKROOT; };
		75D7CCB1244A5E95003CDA27 /* IOBluetooth.framework */ = {isa = PBXFileReference; lastKnownFileType = wrapper.framework; name = IOBluetooth.framework; path = System/Library/Frameworks/IOBluetooth.framework; sourceTree = SDKROOT; };
		75D7CCB3244A5F52003CDA27 /* BezelServices.h */ = {isa = PBXFileReference; lastKnownFileType = sourcecode.c.h; path = BezelServices.h; sourceTree = "<group>"; };
		75D7CCB5244A5FC2003CDA27 /* install_daemon.sh */ = {isa = PBXFileReference; lastKnownFileType = text.script.sh; path = install_daemon.sh; sourceTree = "<group>"; };
		75D7CCBC244A68A6003CDA27 /* libpthread.tbd */ = {isa = PBXFileReference; lastKnownFileType = "sourcecode.text-based-dylib-definition"; name = libpthread.tbd; path = usr/lib/libpthread.tbd; sourceTree = SDKROOT; };
		75D7CCBD244A690E003CDA27 /* Kernel.framework */ = {isa = PBXFileReference; lastKnownFileType = wrapper.framework; name = Kernel.framework; path = System/Library/Frameworks/Kernel.framework; sourceTree = SDKROOT; };
/* End PBXFileReference section */

/* Begin PBXFrameworksBuildPhase section */
		7596CF532448AC9400333C46 /* Frameworks */ = {
			isa = PBXFrameworksBuildPhase;
			buildActionMask = 2147483647;
			files = (
			);
			runOnlyForDeploymentPostprocessing = 0;
		};
		75B9DB3124B1096E003C7084 /* Frameworks */ = {
			isa = PBXFrameworksBuildPhase;
			buildActionMask = 2147483647;
			files = (
			);
			runOnlyForDeploymentPostprocessing = 0;
		};
		75D7CC9D244A5D1D003CDA27 /* Frameworks */ = {
			isa = PBXFrameworksBuildPhase;
			buildActionMask = 2147483647;
			files = (
				75D7CCB0244A5E85003CDA27 /* CoreWLAN.framework in Frameworks */,
				75D7CCAC244A5E77003CDA27 /* AppKit.framework in Frameworks */,
				75D7CCAE244A5E7E003CDA27 /* CoreServices.framework in Frameworks */,
				75D7CCB2244A5E95003CDA27 /* IOBluetooth.framework in Frameworks */,
			);
			runOnlyForDeploymentPostprocessing = 0;
		};
/* End PBXFrameworksBuildPhase section */

/* Begin PBXGroup section */
		7596CF4C2448AC9400333C46 = {
			isa = PBXGroup;
			children = (
				75772E08245EA780001D709D /* README.md */,
				7596CF582448AC9400333C46 /* VoodooWMI */,
				75B9DB3524B1096E003C7084 /* VoodooWMIHotkey */,
				7596CF572448AC9400333C46 /* Products */,
				75D7CCAA244A5E76003CDA27 /* Frameworks */,
			);
			sourceTree = "<group>";
		};
		7596CF572448AC9400333C46 /* Products */ = {
			isa = PBXGroup;
			children = (
				7596CF562448AC9400333C46 /* VoodooWMI.kext */,
				75D7CCA0244A5D1D003CDA27 /* HotkeyDaemon */,
				75B9DB3424B1096E003C7084 /* VoodooWMIHotkey.kext */,
			);
			name = Products;
			sourceTree = "<group>";
		};
		7596CF582448AC9400333C46 /* VoodooWMI */ = {
			isa = PBXGroup;
			children = (
				750A866724AFDD6100538E95 /* VoodooWMIController.cpp */,
				750A866824AFDD6100538E95 /* VoodooWMIController.hpp */,
				7596CF5D2448AC9400333C46 /* Info.plist */,
			);
			path = VoodooWMI;
			sourceTree = "<group>";
		};
		75B9DB3524B1096E003C7084 /* VoodooWMIHotkey */ = {
			isa = PBXGroup;
			children = (
				75D7CCA1244A5D1D003CDA27 /* HotkeyDaemon */,
				75B9DB4324B10CB9003C7084 /* KernelMessage.h */,
				7596CF592448AC9400333C46 /* VoodooWMIHotkeyDriver.hpp */,
				7596CF5B2448AC9400333C46 /* VoodooWMIHotkeyDriver.cpp */,
				75A8191E24ADDF3B00CAF134 /* ACPIPS2NubProxy.cpp */,
				75A8191F24ADDF3B00CAF134 /* ACPIPS2NubProxy.hpp */,
				75B9DB3A24B1096E003C7084 /* Info.plist */,
			);
			path = VoodooWMIHotkey;
			sourceTree = "<group>";
		};
		75D7CCA1244A5D1D003CDA27 /* HotkeyDaemon */ = {
			isa = PBXGroup;
			children = (
				75D7CCB7244A6015003CDA27 /* misc */,
				75D7CCA2244A5D1D003CDA27 /* main.m */,
				75D7CCA9244A5E3C003CDA27 /* OSD.h */,
				75D7CCB3244A5F52003CDA27 /* BezelServices.h */,
			);
			path = HotkeyDaemon;
			sourceTree = "<group>";
		};
		75D7CCAA244A5E76003CDA27 /* Frameworks */ = {
			isa = PBXGroup;
			children = (
				75D7CCBD244A690E003CDA27 /* Kernel.framework */,
				75D7CCBC244A68A6003CDA27 /* libpthread.tbd */,
				75D7CCB1244A5E95003CDA27 /* IOBluetooth.framework */,
				75D7CCAF244A5E85003CDA27 /* CoreWLAN.framework */,
				75D7CCAD244A5E7E003CDA27 /* CoreServices.framework */,
				75D7CCAB244A5E77003CDA27 /* AppKit.framework */,
			);
			name = Frameworks;
			sourceTree = "<group>";
		};
		75D7CCB7244A6015003CDA27 /* misc */ = {
			isa = PBXGroup;
			children = (
				75D7CCB5244A5FC2003CDA27 /* install_daemon.sh */,
				7537E722245B6EA900E127AB /* uninstall_daemon.sh */,
				7537E720245B67E000E127AB /* io.github.goshin.HotkeyDaemon.plist */,
			);
			path = misc;
			sourceTree = "<group>";
		};
/* End PBXGroup section */

/* Begin PBXHeadersBuildPhase section */
		7596CF512448AC9400333C46 /* Headers */ = {
			isa = PBXHeadersBuildPhase;
			buildActionMask = 2147483647;
			files = (
				750A866A24AFDD6100538E95 /* VoodooWMIController.hpp in Headers */,
			);
			runOnlyForDeploymentPostprocessing = 0;
		};
		75B9DB2F24B1096E003C7084 /* Headers */ = {
			isa = PBXHeadersBuildPhase;
			buildActionMask = 2147483647;
			files = (
				75B9DB3F24B10AAA003C7084 /* VoodooWMIController.hpp in Headers */,
			);
			runOnlyForDeploymentPostprocessing = 0;
		};
/* End PBXHeadersBuildPhase section */

/* Begin PBXNativeTarget section */
		7596CF552448AC9400333C46 /* VoodooWMI */ = {
			isa = PBXNativeTarget;
			buildConfigurationList = 7596CF602448AC9400333C46 /* Build configuration list for PBXNativeTarget "VoodooWMI" */;
			buildPhases = (
				7596CF512448AC9400333C46 /* Headers */,
				7596CF522448AC9400333C46 /* Sources */,
				7596CF532448AC9400333C46 /* Frameworks */,
				7596CF542448AC9400333C46 /* Resources */,
				75F35B87245D0C0700DD127F /* Linting */,
				75F35B89245D274200DD127F /* Copy Files */,
			);
			buildRules = (
			);
			dependencies = (
				75B9DB4224B10C41003C7084 /* PBXTargetDependency */,
				75D7CCA8244A5DEA003CDA27 /* PBXTargetDependency */,
			);
			name = VoodooWMI;
			productName = TongfangKeyboardUtility;
			productReference = 7596CF562448AC9400333C46 /* VoodooWMI.kext */;
			productType = "com.apple.product-type.kernel-extension";
		};
		75B9DB3324B1096E003C7084 /* VoodooWMIHotkey */ = {
			isa = PBXNativeTarget;
			buildConfigurationList = 75B9DB3D24B1096E003C7084 /* Build configuration list for PBXNativeTarget "VoodooWMIHotkey" */;
			buildPhases = (
				75B9DB2F24B1096E003C7084 /* Headers */,
				75B9DB3024B1096E003C7084 /* Sources */,
				75B9DB3124B1096E003C7084 /* Frameworks */,
				75B9DB3224B1096E003C7084 /* Resources */,
			);
			buildRules = (
			);
			dependencies = (
			);
			name = VoodooWMIHotkey;
			productName = VoodooWMIHotkey;
			productReference = 75B9DB3424B1096E003C7084 /* VoodooWMIHotkey.kext */;
			productType = "com.apple.product-type.kernel-extension";
		};
		75D7CC9F244A5D1D003CDA27 /* HotkeyDaemon */ = {
			isa = PBXNativeTarget;
			buildConfigurationList = 75D7CCA6244A5D1D003CDA27 /* Build configuration list for PBXNativeTarget "HotkeyDaemon" */;
			buildPhases = (
				75D7CC9C244A5D1D003CDA27 /* Sources */,
				75D7CC9D244A5D1D003CDA27 /* Frameworks */,
			);
			buildRules = (
			);
			dependencies = (
			);
			name = HotkeyDaemon;
			productName = TongfangFnDaemon;
			productReference = 75D7CCA0244A5D1D003CDA27 /* HotkeyDaemon */;
			productType = "com.apple.product-type.tool";
		};
/* End PBXNativeTarget section */

/* Begin PBXProject section */
		7596CF4D2448AC9400333C46 /* Project object */ = {
			isa = PBXProject;
			attributes = {
				LastUpgradeCheck = 1140;
				TargetAttributes = {
					7596CF552448AC9400333C46 = {
						CreatedOnToolsVersion = 11.4;
					};
					75B9DB3324B1096E003C7084 = {
						CreatedOnToolsVersion = 11.5;
					};
					75D7CC9F244A5D1D003CDA27 = {
						CreatedOnToolsVersion = 11.4.1;
					};
				};
			};
			buildConfigurationList = 7596CF502448AC9400333C46 /* Build configuration list for PBXProject "VoodooWMI" */;
			compatibilityVersion = "Xcode 9.3";
			developmentRegion = en;
			hasScannedForEncodings = 0;
			knownRegions = (
				en,
				Base,
			);
			mainGroup = 7596CF4C2448AC9400333C46;
			productRefGroup = 7596CF572448AC9400333C46 /* Products */;
			projectDirPath = "";
			projectRoot = "";
			targets = (
				7596CF552448AC9400333C46 /* VoodooWMI */,
				75B9DB3324B1096E003C7084 /* VoodooWMIHotkey */,
				75D7CC9F244A5D1D003CDA27 /* HotkeyDaemon */,
			);
		};
/* End PBXProject section */

/* Begin PBXResourcesBuildPhase section */
		7596CF542448AC9400333C46 /* Resources */ = {
			isa = PBXResourcesBuildPhase;
			buildActionMask = 2147483647;
			files = (
			);
			runOnlyForDeploymentPostprocessing = 0;
		};
		75B9DB3224B1096E003C7084 /* Resources */ = {
			isa = PBXResourcesBuildPhase;
			buildActionMask = 2147483647;
			files = (
			);
			runOnlyForDeploymentPostprocessing = 0;
		};
/* End PBXResourcesBuildPhase section */

/* Begin PBXShellScriptBuildPhase section */
		75F35B87245D0C0700DD127F /* Linting */ = {
			isa = PBXShellScriptBuildPhase;
			buildActionMask = 2147483647;
			files = (
			);
			inputFileListPaths = (
			);
			inputPaths = (
			);
			name = Linting;
			outputFileListPaths = (
			);
			outputPaths = (
			);
			runOnlyForDeploymentPostprocessing = 0;
			shellPath = /bin/sh;
			shellScript = "cpplint --recursive --filter=-build/header_guard,-whitespace/line_length,-runtime/int,-runtime/printf,-readability/casting,-legal/copyright --extensions=h,c,hpp,cpp,m ./\n";
		};
/* End PBXShellScriptBuildPhase section */

/* Begin PBXSourcesBuildPhase section */
		7596CF522448AC9400333C46 /* Sources */ = {
			isa = PBXSourcesBuildPhase;
			buildActionMask = 2147483647;
			files = (
				750A866924AFDD6100538E95 /* VoodooWMIController.cpp in Sources */,
			);
			runOnlyForDeploymentPostprocessing = 0;
		};
		75B9DB3024B1096E003C7084 /* Sources */ = {
			isa = PBXSourcesBuildPhase;
			buildActionMask = 2147483647;
			files = (
				75B9DB3E24B10A34003C7084 /* VoodooWMIHotkeyDriver.cpp in Sources */,
				75B9DB4024B10B88003C7084 /* ACPIPS2NubProxy.cpp in Sources */,
			);
			runOnlyForDeploymentPostprocessing = 0;
		};
		75D7CC9C244A5D1D003CDA27 /* Sources */ = {
			isa = PBXSourcesBuildPhase;
			buildActionMask = 2147483647;
			files = (
				75D7CCA3244A5D1D003CDA27 /* main.m in Sources */,
			);
			runOnlyForDeploymentPostprocessing = 0;
		};
/* End PBXSourcesBuildPhase section */

/* Begin PBXTargetDependency section */
		75B9DB4224B10C41003C7084 /* PBXTargetDependency */ = {
			isa = PBXTargetDependency;
			target = 75B9DB3324B1096E003C7084 /* VoodooWMIHotkey */;
			targetProxy = 75B9DB4124B10C41003C7084 /* PBXContainerItemProxy */;
		};
		75D7CCA8244A5DEA003CDA27 /* PBXTargetDependency */ = {
			isa = PBXTargetDependency;
			target = 75D7CC9F244A5D1D003CDA27 /* HotkeyDaemon */;
			targetProxy = 75D7CCA7244A5DEA003CDA27 /* PBXContainerItemProxy */;
		};
/* End PBXTargetDependency section */

/* Begin XCBuildConfiguration section */
		7596CF5E2448AC9400333C46 /* Debug */ = {
			isa = XCBuildConfiguration;
			buildSettings = {
				ALWAYS_SEARCH_USER_PATHS = NO;
				CLANG_ANALYZER_NONNULL = YES;
				CLANG_ANALYZER_NUMBER_OBJECT_CONVERSION = YES_AGGRESSIVE;
				CLANG_CXX_LANGUAGE_STANDARD = "gnu++14";
				CLANG_CXX_LIBRARY = "libc++";
				CLANG_ENABLE_MODULES = YES;
				CLANG_ENABLE_OBJC_ARC = YES;
				CLANG_ENABLE_OBJC_WEAK = YES;
				CLANG_WARN_BLOCK_CAPTURE_AUTORELEASING = YES;
				CLANG_WARN_BOOL_CONVERSION = YES;
				CLANG_WARN_COMMA = YES;
				CLANG_WARN_CONSTANT_CONVERSION = YES;
				CLANG_WARN_DEPRECATED_OBJC_IMPLEMENTATIONS = YES;
				CLANG_WARN_DIRECT_OBJC_ISA_USAGE = YES_ERROR;
				CLANG_WARN_DOCUMENTATION_COMMENTS = YES;
				CLANG_WARN_EMPTY_BODY = YES;
				CLANG_WARN_ENUM_CONVERSION = YES;
				CLANG_WARN_INFINITE_RECURSION = YES;
				CLANG_WARN_INT_CONVERSION = YES;
				CLANG_WARN_NON_LITERAL_NULL_CONVERSION = YES;
				CLANG_WARN_OBJC_IMPLICIT_RETAIN_SELF = YES;
				CLANG_WARN_OBJC_LITERAL_CONVERSION = YES;
				CLANG_WARN_OBJC_ROOT_CLASS = YES_ERROR;
				CLANG_WARN_RANGE_LOOP_ANALYSIS = YES;
				CLANG_WARN_STRICT_PROTOTYPES = YES;
				CLANG_WARN_SUSPICIOUS_MOVE = YES;
				CLANG_WARN_UNGUARDED_AVAILABILITY = YES_AGGRESSIVE;
				CLANG_WARN_UNREACHABLE_CODE = YES;
				CLANG_WARN__DUPLICATE_METHOD_MATCH = YES;
				COPY_PHASE_STRIP = NO;
				DEBUG_INFORMATION_FORMAT = dwarf;
				ENABLE_STRICT_OBJC_MSGSEND = YES;
				ENABLE_TESTABILITY = YES;
				GCC_C_LANGUAGE_STANDARD = gnu11;
				GCC_DYNAMIC_NO_PIC = NO;
				GCC_NO_COMMON_BLOCKS = YES;
				GCC_OPTIMIZATION_LEVEL = 0;
				GCC_PREPROCESSOR_DEFINITIONS = (
					"DEBUG=1",
					"$(inherited)",
				);
				GCC_WARN_64_TO_32_BIT_CONVERSION = YES;
				GCC_WARN_ABOUT_RETURN_TYPE = YES_ERROR;
				GCC_WARN_UNDECLARED_SELECTOR = YES;
				GCC_WARN_UNINITIALIZED_AUTOS = YES_AGGRESSIVE;
				GCC_WARN_UNUSED_FUNCTION = YES;
				GCC_WARN_UNUSED_VARIABLE = YES;
				MACOSX_DEPLOYMENT_TARGET = 10.15;
				MTL_ENABLE_DEBUG_INFO = INCLUDE_SOURCE;
				MTL_FAST_MATH = YES;
				ONLY_ACTIVE_ARCH = YES;
				SDKROOT = macosx;
			};
			name = Debug;
		};
		7596CF5F2448AC9400333C46 /* Release */ = {
			isa = XCBuildConfiguration;
			buildSettings = {
				ALWAYS_SEARCH_USER_PATHS = NO;
				CLANG_ANALYZER_NONNULL = YES;
				CLANG_ANALYZER_NUMBER_OBJECT_CONVERSION = YES_AGGRESSIVE;
				CLANG_CXX_LANGUAGE_STANDARD = "gnu++14";
				CLANG_CXX_LIBRARY = "libc++";
				CLANG_ENABLE_MODULES = YES;
				CLANG_ENABLE_OBJC_ARC = YES;
				CLANG_ENABLE_OBJC_WEAK = YES;
				CLANG_WARN_BLOCK_CAPTURE_AUTORELEASING = YES;
				CLANG_WARN_BOOL_CONVERSION = YES;
				CLANG_WARN_COMMA = YES;
				CLANG_WARN_CONSTANT_CONVERSION = YES;
				CLANG_WARN_DEPRECATED_OBJC_IMPLEMENTATIONS = YES;
				CLANG_WARN_DIRECT_OBJC_ISA_USAGE = YES_ERROR;
				CLANG_WARN_DOCUMENTATION_COMMENTS = YES;
				CLANG_WARN_EMPTY_BODY = YES;
				CLANG_WARN_ENUM_CONVERSION = YES;
				CLANG_WARN_INFINITE_RECURSION = YES;
				CLANG_WARN_INT_CONVERSION = YES;
				CLANG_WARN_NON_LITERAL_NULL_CONVERSION = YES;
				CLANG_WARN_OBJC_IMPLICIT_RETAIN_SELF = YES;
				CLANG_WARN_OBJC_LITERAL_CONVERSION = YES;
				CLANG_WARN_OBJC_ROOT_CLASS = YES_ERROR;
				CLANG_WARN_RANGE_LOOP_ANALYSIS = YES;
				CLANG_WARN_STRICT_PROTOTYPES = YES;
				CLANG_WARN_SUSPICIOUS_MOVE = YES;
				CLANG_WARN_UNGUARDED_AVAILABILITY = YES_AGGRESSIVE;
				CLANG_WARN_UNREACHABLE_CODE = YES;
				CLANG_WARN__DUPLICATE_METHOD_MATCH = YES;
				COPY_PHASE_STRIP = NO;
				DEBUG_INFORMATION_FORMAT = "dwarf-with-dsym";
				ENABLE_NS_ASSERTIONS = NO;
				ENABLE_STRICT_OBJC_MSGSEND = YES;
				GCC_C_LANGUAGE_STANDARD = gnu11;
				GCC_NO_COMMON_BLOCKS = YES;
				GCC_WARN_64_TO_32_BIT_CONVERSION = YES;
				GCC_WARN_ABOUT_RETURN_TYPE = YES_ERROR;
				GCC_WARN_UNDECLARED_SELECTOR = YES;
				GCC_WARN_UNINITIALIZED_AUTOS = YES_AGGRESSIVE;
				GCC_WARN_UNUSED_FUNCTION = YES;
				GCC_WARN_UNUSED_VARIABLE = YES;
				MACOSX_DEPLOYMENT_TARGET = 10.15;
				MTL_ENABLE_DEBUG_INFO = NO;
				MTL_FAST_MATH = YES;
				SDKROOT = macosx;
			};
			name = Release;
		};
		7596CF612448AC9400333C46 /* Debug */ = {
			isa = XCBuildConfiguration;
			buildSettings = {
				CODE_SIGN_IDENTITY = "-";
				CODE_SIGN_STYLE = Automatic;
				COMBINE_HIDPI_IMAGES = YES;
				CURRENT_PROJECT_VERSION = 1.0.0;
				DEVELOPMENT_TEAM = "";
				INFOPLIST_FILE = VoodooWMI/Info.plist;
				MARKETING_VERSION = 1.0.0;
				MODULE_NAME = io.github.goshin.VoodooWMI;
				MODULE_VERSION = 1.0.0d1;
				PRODUCT_BUNDLE_IDENTIFIER = io.github.goshin.VoodooWMI;
				PRODUCT_NAME = "$(TARGET_NAME)";
				PROVISIONING_PROFILE_SPECIFIER = "";
				WRAPPER_EXTENSION = kext;
			};
			name = Debug;
		};
		7596CF622448AC9400333C46 /* Release */ = {
			isa = XCBuildConfiguration;
			buildSettings = {
				CODE_SIGN_IDENTITY = "-";
				CODE_SIGN_STYLE = Automatic;
				COMBINE_HIDPI_IMAGES = YES;
				CURRENT_PROJECT_VERSION = 1.0.0;
				DEVELOPMENT_TEAM = "";
				INFOPLIST_FILE = VoodooWMI/Info.plist;
				MARKETING_VERSION = 1.0.0;
				MODULE_NAME = io.github.goshin.VoodooWMI;
				MODULE_VERSION = 1.0.0d1;
				PRODUCT_BUNDLE_IDENTIFIER = io.github.goshin.VoodooWMI;
				PRODUCT_NAME = "$(TARGET_NAME)";
				PROVISIONING_PROFILE_SPECIFIER = "";
				WRAPPER_EXTENSION = kext;
			};
			name = Release;
		};
		75B9DB3B24B1096E003C7084 /* Debug */ = {
			isa = XCBuildConfiguration;
			buildSettings = {
				CODE_SIGN_STYLE = Automatic;
				COMBINE_HIDPI_IMAGES = YES;
				CURRENT_PROJECT_VERSION = 1.0.0;
				INFOPLIST_FILE = VoodooWMIHotkey/Info.plist;
				MARKETING_VERSION = 1.0.0;
				MODULE_NAME = io.github.goshin.VoodooWMIHotkey;
				MODULE_VERSION = 1.0.0d1;
				PRODUCT_BUNDLE_IDENTIFIER = io.github.goshin.VoodooWMIHotkey;
				PRODUCT_NAME = "$(TARGET_NAME)";
				WRAPPER_EXTENSION = kext;
			};
			name = Debug;
		};
		75B9DB3C24B1096E003C7084 /* Release */ = {
			isa = XCBuildConfiguration;
			buildSettings = {
				CODE_SIGN_STYLE = Automatic;
				COMBINE_HIDPI_IMAGES = YES;
				CURRENT_PROJECT_VERSION = 1.0.0;
				INFOPLIST_FILE = VoodooWMIHotkey/Info.plist;
				MARKETING_VERSION = 1.0.0;
				MODULE_NAME = io.github.goshin.VoodooWMIHotkey;
				MODULE_VERSION = 1.0.0d1;
				PRODUCT_BUNDLE_IDENTIFIER = io.github.goshin.VoodooWMIHotkey;
				PRODUCT_NAME = "$(TARGET_NAME)";
				WRAPPER_EXTENSION = kext;
			};
			name = Release;
		};
		75D7CCA4244A5D1D003CDA27 /* Debug */ = {
			isa = XCBuildConfiguration;
			buildSettings = {
				CODE_SIGN_STYLE = Automatic;
				MACOSX_DEPLOYMENT_TARGET = 10.14;
				PRODUCT_NAME = "$(TARGET_NAME)";
			};
			name = Debug;
		};
		75D7CCA5244A5D1D003CDA27 /* Release */ = {
			isa = XCBuildConfiguration;
			buildSettings = {
				CODE_SIGN_STYLE = Automatic;
				MACOSX_DEPLOYMENT_TARGET = 10.14;
				PRODUCT_NAME = "$(TARGET_NAME)";
			};
			name = Release;
		};
/* End XCBuildConfiguration section */

/* Begin XCConfigurationList section */
		7596CF502448AC9400333C46 /* Build configuration list for PBXProject "VoodooWMI" */ = {
			isa = XCConfigurationList;
			buildConfigurations = (
				7596CF5E2448AC9400333C46 /* Debug */,
				7596CF5F2448AC9400333C46 /* Release */,
			);
			defaultConfigurationIsVisible = 0;
			defaultConfigurationName = Release;
		};
		7596CF602448AC9400333C46 /* Build configuration list for PBXNativeTarget "VoodooWMI" */ = {
			isa = XCConfigurationList;
			buildConfigurations = (
				7596CF612448AC9400333C46 /* Debug */,
				7596CF622448AC9400333C46 /* Release */,
			);
			defaultConfigurationIsVisible = 0;
			defaultConfigurationName = Release;
		};
		75B9DB3D24B1096E003C7084 /* Build configuration list for PBXNativeTarget "VoodooWMIHotkey" */ = {
			isa = XCConfigurationList;
			buildConfigurations = (
				75B9DB3B24B1096E003C7084 /* Debug */,
				75B9DB3C24B1096E003C7084 /* Release */,
			);
			defaultConfigurationIsVisible = 0;
			defaultConfigurationName = Release;
		};
		75D7CCA6244A5D1D003CDA27 /* Build configuration list for PBXNativeTarget "HotkeyDaemon" */ = {
			isa = XCConfigurationList;
			buildConfigurations = (
				75D7CCA4244A5D1D003CDA27 /* Debug */,
				75D7CCA5244A5D1D003CDA27 /* Release */,
			);
			defaultConfigurationIsVisible = 0;
			defaultConfigurationName = Release;
		};
/* End XCConfigurationList section */
	};
	rootObject = 7596CF4D2448AC9400333C46 /* Project object */;
}
